version = 1
revision = 3
requires-python = ">=3.12, <3.15"

[options]
prerelease-mode = "allow"

[[package]]
name = "boto3"
version = "1.43.107"
source = { registry = "https://pypi.org/simple" }
dependencies = [
    { name = "botocore" },
    { name = "jmespath" },
    { name = "s3transfer" },
]
sdist = { url = "https://files.pythonhosted.org/packages/2a/c4/c68d22d91482898f1294dab7541ad83f8bcf9df83107e6d8436d6e9dbf01/boto3-1.43.107.tar.gz", hash = "sha256:c4e0f1a0295cbb7103f2950128cf88463c076d220080a7d0f127cf834969fc3a", size = 112718, upload-time = "2026-10-01T19:31:22.283Z" }
wheels = [
    { url = "https://files.pythonhosted.org/packages/01/5c/a865e8902370151daf915e3a072ee57e693144838427e42c9bbd986ecb88/boto3-1.43.107-py3-none-any.whl", hash = "sha256:632a4f8298725b94144c8cd383cbdacb34624daa73221e954c3d33ac6e2528d6", size = 140043, upload-time = "2026-10-01T19:31:20.518Z" },
]

[[package]]
name = "botocore"
version = "1.43.107"
source = { registry = "https://pypi.org/simple" }
dependencies = [
    { name = "jmespath" },
    { name = "python-dateutil" },
    { name = "urllib3" },
]
sdist = { url = "https://files.pythonhosted.org/packages/4d/22/3aed44a1e0b9820485124a9ad25e9bccd5539c547ef12827547c3cbeb25f/botocore-1.43.107.tar.gz", hash = "sha256:4a37fa072a00280c746313532d19b00e2dc53f1993222601df104d71d548d5b6", size = 16306128, upload-time = "2026-10-01T19:31:17.202Z" }
wheels = [
    { url = "https://files.pythonhosted.org/packages/7e/39/3a0db1ba57531062cda616dae68b69faef8114939414a2a291b3aac7617b/botocore-1.43.107-py3-none-any.whl", hash = "sha256:23cbe854e815dbaccf097f7fd32b461c9e1d2ed7e0c7dcc5658218704509d840", size = 16002666, upload-time = "2026-10-01T19:31:14.463Z" },
]

[[package]]
name = "googleapis-common-protos"
version = "1.75.5"
source = { registry = "https://pypi.org/simple" }
dependencies = [
    { name = "protobuf" },
]
sdist = { url = "https://files.pythonhosted.org/packages/8d/2b/6ce81972d5c8cab9705fddce3153be63222d9e12fd96f8baba5038a744dd/googleapis_common_protos-1.75.5.tar.gz", hash = "sha256:c7a866fc34ed29a3b10af627a4b9b1dc2433313ca6e959f0ae4feb132047ed72", size = 156513, upload-time = "2026-09-29T19:26:14.863Z" }
wheels = [
    { url = "https://files.pythonhosted.org/packages/65/b9/6b29500a1c581ff4d77fd83c6568d068bee06f1b139fb6eb0a4f2d4bce8a/googleapis_common_protos-1.75.5-py3-none-any.whl", hash = "sha256:d7285525c23039db98f2463e6d5a4f9b958b94d497f03a844ece3259c4e72d5d", size = 307737, upload-time = "2026-09-29T19:25:48.735Z" },
]

[[package]]
name = "jmespath"
version = "1.1.0"
source = { registry = "https://pypi.org/simple" }
sdist = { url = "https://files.pythonhosted.org/packages/d3/59/322338183ecda247fb5d1763a6cbe46eff7222eaeebafd9fa65d4bf5cb11/jmespath-1.1.0.tar.gz", hash = "sha256:472c87d80f36026ae83c6ddd0f1d05d4e510134ed462851fd5f754c8c3cbb88d", size = 27377, upload-time = "2026-01-22T16:35:26.279Z" }
wheels = [
    { url = "https://files.pythonhosted.org/packages/14/2f/967ba146e6d58cf6a652da73885f52fc68001525b4197effc174321d70b4/jmespath-1.1.0-py3-none-any.whl", hash = "sha256:a5663118de4908c91729bea0acadca56526eb2698e83de10cd116ae0f4e97c64", size = 20419, upload-time = "2026-01-22T16:35:24.919Z" },
]

[[package]]
name = "openinference-instrumentation"
version = "0.1.67"
source = { registry = "https://pypi.org/simple" }
dependencies = [
    { name = "openinference-semantic-conventions" },
    { name = "opentelemetry-api" },
    { name = "opentelemetry-sdk" },
    { name = "wrapt" },
]
sdist = { url = "https://files.pythonhosted.org/packages/a3/9f/e13920b612006fac7fb949b0d8b18e0e269f850774dd85eb848a58eb4bb7/openinference_instrumentation-0.1.67.tar.gz", hash = "sha256:cf348bd936bf9409a7e68bc158c929406126d48f4b77e5aa364b1affb1f3df5c", size = 44175, upload-time = "2026-10-01T02:33:15.143Z" }
wheels = [
    { url = "https://files.pythonhosted.org/packages/0c/89/43cd91ea31a1b2c0b16de4538ffcb45030672aa5fbd9b403a3c5dfaa134b/openinference_instrumentation-0.1.67-py3-none-any.whl", hash = "sha256:7793706bb0e91231ede2f5556dd263d9a411514237a662a34aedc09df2f50468", size = 51953, upload-time = "2026-10-01T02:33:13.776Z" },
]

[[package]]
name = "openinference-sample"
version = "0.1.0"
source = { editable = "." }
dependencies = [
    { name = "openinference-instrumentation" },
    { name = "python-dotenv" },
    { name = "sideseat" },
    { name = "telemetry-common" },
]

[package.metadata]
requires-dist = [
    { name = "openinference-instrumentation", specifier = "==0.1.67" },
    { name = "python-dotenv", specifier = ">=1.2.0" },
    { name = "sideseat", editable = "../../../sdk/python" },
    { name = "telemetry-common", editable = "../common" },
]

[[package]]
name = "openinference-semantic-conventions"
version = "0.1.41"
source = { registry = "https://pypi.org/simple" }
sdist = { url = "https://files.pythonhosted.org/packages/53/be/e1fe52e3ae242695101144e058edfdd8e412a58ce04e2e2b410268683b05/openinference_semantic_conventions-0.1.41.tar.gz", hash = "sha256:78d4ffd9d1f2f89cb4bd58a0afe5a460475ce3d76a4d993f50fb0ce8bf4129a3", size = 15789, upload-time = "2026-10-01T18:22:33.408Z" }
wheels = [
    { url = "https://files.pythonhosted.org/packages/74/fa/a5197690b860f8a5b43e56aba4a34e0b42db6548b45dd6ceda9ab8980c63/openinference_semantic_conventions-0.1.41-py3-none-any.whl", hash = "sha256:4c55f59427436da842c7aae871965399ef92b8909b41e02c076e1092b4c12e51", size = 12678, upload-time = "2026-10-01T18:22:32.275Z" },
]

[[package]]
name = "opentelemetry-api"
version = "1.45.0"
source = { registry = "https://pypi.org/simple" }
dependencies = [
    { name = "typing-extensions" },
]
sdist = { url = "https://files.pythonhosted.org/packages/1f/dc/e12c1fe1ed8a7b7149777127b1a0e12ce5bd5a81d97408bedc2128c260f5/opentelemetry_api-1.45.0.tar.gz", hash = "sha256:711ede81773c8025c2c03dac0450bc89f3d30aea6eabcc815c570d4e35a963f7", size = 72115, upload-time = "2026-09-25T12:32:28.399Z" }
wheels = [
    { url = "https://files.pythonhosted.org/packages/44/b9/040d1a1c7836922828e6480cd2366bb8fe0ebf75b413d2bb51a9b0e7f78f/opentelemetry_api-1.45.0-py3-none-any.whl", hash = "sha256:80e068aba7cd56c8b58512d6a36f8d25cb1dfaa0c0a4cc1c938ccf9f362d9cb3", size = 60020, upload-time = "2026-09-25T12:32:03.192Z" },
]

[[package]]
name = "opentelemetry-exporter-http-transport"
version = "0.66b0"
source = { registry = "https://pypi.org/simple" }
dependencies = [
    { name = "opentelemetry-api" },
]
sdist = { url = "https://files.pythonhosted.org/packages/5e/31/cbedb10e08c3c932b80f58edf055a16bb48a500c23c617b758fb3ec18f08/opentelemetry_exporter_http_transport-0.66b0.tar.gz", hash = "sha256:2c229b6593eaa22c86d9b8a15843dc23b406dbda00fb138339189aab07923b4e", size = 11694, upload-time = "2026-09-25T12:32:29.689Z" }
wheels = [
    { url = "https://files.pythonhosted.org/packages/b1/65/34d7106eb45acda40f016c5b31b313ffbbf4744acd5f099f29eaf2958b4d/opentelemetry_exporter_http_transport-0.66b0-py3-none-any.whl", hash = "sha256:c82689928a11505a2a0a26a04afe0ce06d270d3db984bc16c1a80ffa902db00e", size = 12156, upload-time = "2026-09-25T12:32:05.621Z" },
]

[package.optional-dependencies]
urllib3 = [
    { name = "urllib3" },
]

[[package]]
name = "opentelemetry-exporter-otlp-common"
version = "0.66b0"
source = { registry = "https://pypi.org/simple" }
dependencies = [
    { name = "opentelemetry-sdk" },
]
sdist = { url = "https://files.pythonhosted.org/packages/68/09/01239cdfe8a414d46ed625b68b6da92666ffd16d93cc6dadf89404b4bd85/opentelemetry_exporter_otlp_common-0.66b0.tar.gz", hash = "sha256:362268ec6aa705e183776ff938539df1e8ce45bc5509d242538b1d40c26fe6a6", size = 14323, upload-time = "2026-09-25T12:32:31.481Z" }
wheels = [
    { url = "https://files.pythonhosted.org/packages/c3/a9/b6a7a9d40ba99ed71b18e17310339024b086578f5f32162df1c1c0cf6270/opentelemetry_exporter_otlp_common-0.66b0-py3-none-any.whl", hash = "sha256:35d24c867310f4713a9738b0202b6bade77955418fccb9e2f7eea01b76263916", size = 12387, upload-time = "2026-09-25T12:32:08.438Z" },
]

[[package]]
name = "opentelemetry-exporter-otlp-proto-common"
version = "1.45.0"
source = { registry = "https://pypi.org/simple" }
dependencies = [
    { name = "opentelemetry-proto" },
]
sdist = { url = "https://files.pythonhosted.org/packages/e5/e0/ee3823dbdc10da15b5750becc37b61194dd7c55e3b56764ecbbe446f659a/opentelemetry_exporter_otlp_proto_common-1.45.0.tar.gz", hash = "sha256:36495115a0c6a7aa946cfda9d59b6ed4e917b6ab0f75cdaf66bc1b176ec1be1f", size = 18870, upload-time = "2026-09-25T12:32:34.141Z" }
wheels = [
    { url = "https://files.pythonhosted.org/packages/f0/bf/3e21917368a81282ce9fc6d085a944dcaea6eed19de7d29cc979375db347/opentelemetry_exporter_otlp_proto_common-1.45.0-py3-none-any.whl", hash = "sha256:7e1410ae6d3ed301f7a74bec96467d519d3f37e52f9d95b309ae125e5a1af863", size = 15394, upload-time = "2026-09-25T12:32:12.663Z" },
]

[[package]]
name = "opentelemetry-exporter-otlp-proto-http"
version = "1.45.0"
source = { registry = "https://pypi.org/simple" }
dependencies = [
    { name = "googleapis-common-protos" },
    { name = "opentelemetry-api" },
    { name = "opentelemetry-exporter-http-transport", extra = ["urllib3"] },
    { name = "opentelemetry-exporter-otlp-common" },
    { name = "opentelemetry-exporter-otlp-proto-common" },
    { name = "opentelemetry-proto" },
    { name = "opentelemetry-sdk" },
    { name = "typing-extensions" },
]
sdist = { url = "https://files.pythonhosted.org/packages/94/78/a503801c1c8f80b1d8aad0e14106a7c57f39344001652a78a683f9a9089e/opentelemetry_exporter_otlp_proto_http-1.45.0.tar.gz", hash = "sha256:2f35496d96809f946f41b8805e6b93aec6c9b71b5fd759b75b6af4c084d992ae", size = 28818, upload-time = "2026-09-25T12:32:35.335Z" }
wheels = [
    { url = "https://files.pythonhosted.org/packages/e7/18/875e0ee47e035f324e42eda9aab47d58381a4412181dca251d3504e24680/opentelemetry_exporter_otlp_proto_http-1.45.0-py3-none-any.whl", hash = "sha256:74385f99266dafdefff41f3da4b76f6dba79d237a9d4487e6ff1ee653c74a0a3", size = 22260, upload-time = "2026-09-25T12:32:14.658Z" },
]

[[package]]
name = "opentelemetry-proto"
version = "1.45.0"
source = { registry = "https://pypi.org/simple" }
dependencies = [
    { name = "protobuf" },
]
sdist = { url = "https://files.pythonhosted.org/packages/72/28/67c38cfb7e2bdfdd0cde7dcdd0424aed0291fbd64aa4ea3e7e913734711a/opentelemetry_proto-1.45.0.tar.gz", hash = "sha256:96ee414f24bc3f61ea8e17dc56b4348d4049d73db3eb17c6b3edf75b5b403300", size = 46489, upload-time = "2026-09-25T12:32:41.409Z" }
wheels = [
    { url = "https://files.pythonhosted.org/packages/6b/45/814d55714507c7ce9c9cd86a4f83ceb5a74ab0bffcc63ff493943f138de2/opentelemetry_proto-1.45.0-py3-none-any.whl", hash = "sha256:9731566359d7b8e1ee1e149d8e4ad6865bab965e657ad3387ec2784d16927666", size = 72486, upload-time = "2026-09-25T12:32:23.36Z" },
]

[[package]]
name = "opentelemetry-sdk"
version = "1.45.0"
source = { registry = "https://pypi.org/simple" }
dependencies = [
    { name = "opentelemetry-api" },
    { name = "opentelemetry-semantic-conventions" },
    { name = "typing-extensions" },
]
sdist = { url = "https://files.pythonhosted.org/packages/ac/ed/ad32d76cc86ebce601105d01d13f8a08d6abc1852eaf69d79cf199bc1ee7/opentelemetry_sdk-1.45.0.tar.gz", hash = "sha256:20caa5130505e386c67c3da1c76e446c842698ced54c76c6148679539aa97972", size = 218337, upload-time = "2026-09-25T12:32:43.591Z" }
wheels = [
    { url = "https://files.pythonhosted.org/packages/8a/ae/46963201ce58d6b86f9e54087a39720a35ac9f57c3a9e440d275995c2b02/opentelemetry_sdk-1.45.0-py3-none-any.whl", hash = "sha256:5dc634c946546f61b757c5b1781f9fd1a10e96ffaf7357c797e508fe9c57e75e", size = 140132, upload-time = "2026-09-25T12:32:25.399Z" },
]

[[package]]
name = "opentelemetry-semantic-conventions"
version = "0.66b0"
source = { registry = "https://pypi.org/simple" }
dependencies = [
    { name = "opentelemetry-api" },
    { name = "typing-extensions" },
]
sdist = { url = "https://files.pythonhosted.org/packages/2e/21/910f085c0b83b80e45c341c7859baef37c877046b2c44c88d5ff2d5db948/opentelemetry_semantic_conventions-0.66b0.tar.gz", hash = "sha256:97a77dce484c54861e7eeff7651fd8a806dd3c30e501dc316730215ec36890e6", size = 150247, upload-time = "2026-09-25T12:32:44.827Z" }
wheels = [
    { url = "https://files.pythonhosted.org/packages/f4/93/2ad416d69c4ca8fd21ebc6894f23f4eda744dc6f43a14d7a9ffd7ed3abbd/opentelemetry_semantic_conventions-0.66b0-py3-none-any.whl", hash = "sha256:175b19dd98c4473f4f43a2b1df59186fd7b4a48cd3f77cbe03438b6d6fda230a", size = 206277, upload-time = "2026-09-25T12:32:26.484Z" },
]

[[package]]
name = "protobuf"
version = "7.36.2"
source = { registry = "https://pypi.org/simple" }
sdist = { url = "https://files.pythonhosted.org/packages/d9/89/5b8517baa72f84a67b8a307ba953c91057af618bf40bf676f3c03551f8f0/protobuf-7.36.2.tar.gz", hash = "sha256:497d0463ff3316681da6c0b9e8d06cb465d61abce00b613ab42226175644d1bb", size = 512737, upload-time = "2026-09-17T20:07:59.326Z" }
wheels = [
    { url = "https://files.pythonhosted.org/packages/32/72/98342feb672507c8f3a69e34b4fa8961f608edba5c1a48a6f47156d92cb5/protobuf-7.36.2-cp310-abi3-macosx_10_9_universal2.whl", hash = "sha256:cbc70b17ee27e28894c7fee8bb04be1abead49e936bc70eb60052531eee2079e", size = 456039, upload-time = "2026-09-17T20:07:51.542Z" },
    { url = "https://files.pythonhosted.org/packages/b6/ea/91fdf7c2b8bbd49cde056f00a9df6773532987e1c00fe2830b895af95c7e/protobuf-7.36.2-cp310-abi3-manylinux2014_aarch64.whl", hash = "sha256:e11e1f0180583a2af89db6a2ecd9e8dc40aa6d2988ca175bfd0e6d12ea72d74e", size = 344219, upload-time = "2026-09-17T20:07:52.914Z" },
    { url = "https://files.pythonhosted.org/packages/17/ab/5fd5f8ece73fad885c5a09aa849b32d70472f954ba3a92d3bb5974ea953b/protobuf-7.36.2-cp310-abi3-manylinux2014_s390x.whl", hash = "sha256:f4fee11ec330d238b34a05c9b675f693c20415d1c5bd7d5320cc2f8a798eb9cf", size = 357223, upload-time = "2026-09-17T20:07:53.985Z" },
    { url = "https://files.pythonhosted.org/packages/db/f3/3996583dd2906297a637af12114deddf7658af6e683fedb83be061983fb5/protobuf-7.36.2-cp310-abi3-manylinux2014_x86_64.whl", hash = "sha256:89f23aa53c24553a2416fd4fd1ec06f74fa42b14b546d8883128813f775bbfd2", size = 343223, upload-time = "2026-09-17T20:07:54.931Z" },
    { url = "https://files.pythonhosted.org/packages/fc/1b/dcc64f358fcb51811b58ae40b3d28f820725f116d86487cc20bd4b130701/protobuf-7.36.2-cp310-abi3-win32.whl", hash = "sha256:912c1221170e16c08d1f086762f563dd61ff83c18b5fa6652952dfaded66f728", size = 442998, upload-time = "2026-09-17T20:07:55.826Z" },
    { url = "https://files.pythonhosted.org/packages/8a/55/b77bda4e5e5f5971fb51b07663694690e9afdb9402136c16a522bd621cad/protobuf-7.36.2-cp310-abi3-win_amd64.whl", hash = "sha256:a300819d441e078a5608c0d3c709796bb548136058fda017ae51d425b44fd353", size = 456514, upload-time = "2026-09-17T20:07:57.188Z" },
    { url = "https://files.pythonhosted.org/packages/e4/04/d52c7016b04b6c5108f26691f9d33ec82a9b65d041f1a9c771137693d618/protobuf-7.36.2-py3-none-any.whl", hash = "sha256:bdb3a345d48db958e6ce1f18e508beb0cc981d64f24088427549c866cd039f1e", size = 179806, upload-time = "2026-09-17T20:07:58.211Z" },
]

[[package]]
name = "python-dateutil"
version = "2.9.0.post0"
source = { registry = "https://pypi.org/simple" }
dependencies = [
    { name = "six" },
]
sdist = { url = "https://files.pythonhosted.org/packages/66/c0/0c8b6ad9f17a802ee498c46e004a0eb49bc148f2fd230864601a86dcf6db/python-dateutil-2.9.0.post0.tar.gz", hash = "sha256:37dd54208da7e1cd875388217d5e00ebd4179249f90fb72437e91a35459a0ad3", size = 342432, upload-time = "2024-03-01T18:36:20.211Z" }
wheels = [
    { url = "https://files.pythonhosted.org/packages/ec/57/56b9bcc3c9c6a792fcbaf139543cee77261f3651ca9da0c93f5c1221264b/python_dateutil-2.9.0.post0-py2.py3-none-any.whl", hash = "sha256:a8b2bc7bffae282281c8140a97d3aa9c14da0b136dfe83f850eea9a5f7470427", size = 229892, upload-time = "2024-03-01T18:36:18.57Z" },
]

[[package]]
name = "python-dotenv"
version = "1.2.4"
source = { registry = "https://pypi.org/simple" }
sdist = { url = "https://files.pythonhosted.org/packages/74/26/2fbeedb218a787a5eea551c7532cac4e009f83d689dd2faa0d0353473f86/python_dotenv-1.2.4.tar.gz", hash = "sha256:f0d53e69935a851c0dcc78f3ab7aaccd8cabef0b92382b576b824212902873c0", size = 60824, upload-time = "2026-10-01T05:36:10Z" }
wheels = [
    { url = "https://files.pythonhosted.org/packages/60/d1/38f3a3405989a89ac18390803e70c6ad7c7760da4f9b83cbeca0c44a0c72/python_dotenv-1.2.4-py3-none-any.whl", hash = "sha256:42269a8a5b3fd54ffa6f3d84b18abed50064717576b4ecf03dc4a55d8aa04fdc", size = 23266, upload-time = "2026-10-01T05:36:08.633Z" },
]

[[package]]
name = "s3transfer"
version = "0.19.2"
source = { registry = "https://pypi.org/simple" }
dependencies = [
    { name = "botocore" },
]
sdist = { url = "https://files.pythonhosted.org/packages/76/43/35e4d8aa320bffe8287fe8f65f578fa2d2db0a64212f0e710dce58267854/s3transfer-0.19.2.tar.gz", hash = "sha256:ba0309fd86be3c27dbf78cdd813c13c5e1df16e5874b99d2535ebbdfb9892993", size = 165592, upload-time = "2026-07-22T19:30:44.432Z" }
wheels = [
    { url = "https://files.pythonhosted.org/packages/bc/e7/5c595c75e9f41a44f30e526eda465ea0b4eec93470e074e4a111b253f13a/s3transfer-0.19.2-py3-none-any.whl", hash = "sha256:d8168eccca828cbb2cd573675333f3bddd254313a9c42494b84c76b539e8ba25", size = 90216, upload-time = "2026-07-22T19:30:43.251Z" },
]

[[package]]
name = "sideseat"
source = { editable = "../../../sdk/python" }
dependencies = [
    { name = "opentelemetry-api" },
    { name = "opentelemetry-exporter-otlp-proto-http" },
    { name = "opentelemetry-sdk" },
]

[package.metadata]
requires-dist = [
    { name = "ag-ui-protocol", marker = "extra == 'agui'", specifier = ">=0.1.18" },
    { name = "ag-ui-protocol", marker = "extra == 'all'", specifier = ">=0.1.18" },
    { name = "ag2", extras = ["tracing"], marker = "extra == 'ag2'", specifier = ">=1.1.1,<2" },
    { name = "ag2", extras = ["tracing"], marker = "extra == 'all'", specifier = ">=1.1.1,<2" },
    { name = "agentscope", marker = "python_full_version >= '3.11' and extra == 'agentscope'", specifier = ">=2.0.9,<3" },
    { name = "agentscope", marker = "python_full_version >= '3.11' and extra == 'all'", specifier = ">=2.0.9,<3" },
    { name = "google-genai", marker = "extra == 'all'", specifier = ">=2.26.0" },
    { name = "google-genai", marker = "extra == 'vertex-ai'", specifier = ">=2.26.0" },
    { name = "httpx", marker = "extra == 'all'", specifier = ">=0.27,<1" },
    { name = "httpx", marker = "extra == 'anthropic'", specifier = ">=0.27" },
    { name = "httpx", marker = "extra == 'traceloop'", specifier = ">=0.28,<1" },
    { name = "logfire", marker = "extra == 'anthropic'", specifier = ">=4.29.0" },
    { name = "logfire", marker = "extra == 'logfire'", specifier = ">=4.29.0" },
    { name = "logfire", marker = "extra == 'openai'", specifier = ">=4.29.0" },
    { name = "logfire", marker = "extra == 'openai-agents'", specifier = ">=4.29.0" },
    { name = "logfire", marker = "extra == 'pydantic-ai'", specifier = ">=4.29.0" },
    { name = "logfire", extras = ["google-genai"], marker = "extra == 'all'", specifier = ">=4.29.0" },
    { name = "logfire", extras = ["google-genai"], marker = "extra == 'google-genai'", specifier = ">=4.29.0" },
    { name = "logfire", extras = ["google-genai"], marker = "extra == 'vertex-ai'", specifier = ">=4.29.0" },
    { name = "mypy", marker = "extra == 'dev'", specifier = ">=1.13.0" },
    { name = "openai", marker = "extra == 'all'", specifier = ">=2.8.0" },
    { name = "openai", marker = "extra == 'azure-openai'", specifier = ">=2.8.0" },
    { name = "openinference-instrumentation-agno", marker = "extra == 'agno'", specifier = ">=0.1.0" },
    { name = "openinference-instrumentation-agno", marker = "extra == 'all'", specifier = ">=0.1.0" },
    { name = "openinference-instrumentation-autogen-agentchat", marker = "extra == 'all'", specifier = ">=0.1.0" },
    { name = "openinference-instrumentation-autogen-agentchat", marker = "extra == 'autogen'", specifier = ">=0.1.0" },
    { name = "openinference-instrumentation-crewai", marker = "extra == 'all'", specifier = ">=0.1.0" },
    { name = "openinference-instrumentation-crewai", marker = "extra == 'crewai'", specifier = ">=0.1.0" },
    { name = "openinference-instrumentation-langchain", marker = "extra == 'all'", specifier = ">=0.1.0" },
    { name = "openinference-instrumentation-langchain", marker = "extra == 'langchain'", specifier = ">=0.1.0" },
    { name = "openinference-instrumentation-langchain", marker = "extra == 'langgraph'", specifier = ">=0.1.0" },
    { name = "openinference-instrumentation-llama-index", marker = "extra == 'all'", specifier = ">=4.5.3" },
    { name = "openinference-instrumentation-llama-index", marker = "extra == 'llama-index'", specifier = ">=4.5.3" },
    { name = "openinference-instrumentation-openai", marker = "extra == 'all'", specifier = ">=0.1.62" },
    { name = "openinference-instrumentation-openai", marker = "extra == 'azure-openai'", specifier = ">=0.1.62" },
    { name = "openinference-instrumentation-smolagents", marker = "extra == 'all'", specifier = ">=0.1.0" },
    { name = "openinference-instrumentation-smolagents", marker = "extra == 'smolagents'", specifier = ">=0.1.0" },
    { name = "opentelemetry-api", specifier = ">=1.39.0" },
    { name = "opentelemetry-exporter-otlp-proto-http", specifier = ">=1.39.0" },
    { name = "opentelemetry-haystack", marker = "extra == 'all'", specifier = ">=1.0.0" },
    { name = "opentelemetry-haystack", marker = "extra == 'haystack'", specifier = ">=1.0.0" },
    { name = "opentelemetry-sdk", specifier = ">=1.39.0" },
    { name = "pytest", marker = "extra == 'dev'", specifier = ">=8.0.0" },
    { name = "requests", marker = "extra == 'all'", specifier = ">=2.32" },
    { name = "requests", marker = "extra == 'traceloop'", specifier = ">=2.32" },
    { name = "rich", marker = "extra == 'agui'", specifier = ">=13" },
    { name = "rich", marker = "extra == 'all'", specifier = ">=13" },
    { name = "ruff", marker = "extra == 'dev'", specifier = ">=0.8.0" },
    { name = "traceloop-sdk", marker = "extra == 'all'", specifier = "==0.62.4" },
    { name = "traceloop-sdk", marker = "extra == 'traceloop'", specifier = "==0.62.4" },
    { name = "websockets", marker = "extra == 'all'", specifier = ">=12" },
    { name = "websockets", marker = "extra == 'ws'", specifier = ">=12" },
    { name = "wrapt", marker = "extra == 'all'", specifier = ">=1.14.0" },
    { name = "wrapt", marker = "extra == 'aws'", specifier = ">=1.14.0" },
]
provides-extras = ["ag2", "agentscope", "agno", "agui", "all", "anthropic", "autogen", "aws", "azure-openai", "crewai", "dev", "google-genai", "haystack", "langchain", "langgraph", "llama-index", "logfire", "openai", "openai-agents", "pydantic-ai", "smolagents", "traceloop", "vertex-ai", "ws"]

[[package]]
name = "six"
version = "1.17.0"
source = { registry = "https://pypi.org/simple" }
sdist = { url = "https://files.pythonhosted.org/packages/94/e7/b2c673351809dca68a0e064b6af791aa332cf192da575fd474ed7d6f16a2/six-1.17.0.tar.gz", hash = "sha256:ff70335d468e7eb6ec65b95b99d3a2836546063f63acc5171de367e834932a81", size = 34031, upload-time = "2024-12-04T17:35:28.174Z" }
wheels = [
    { url = "https://files.pythonhosted.org/packages/b7/ce/149a00dd41f10bc29e5921b496af8b574d8413afcd5e30dfa0ed46c2cc5e/six-1.17.0-py2.py3-none-any.whl", hash = "sha256:4721f391ed90541fddacab5acf947aa0d3dc7d27b2e1e8eda2be8970586c3274", size = 11050, upload-time = "2024-12-04T17:35:26.475Z" },
]

[[package]]
name = "telemetry-common"
version = "0.1.0"
source = { editable = "../common" }
dependencies = [
    { name = "boto3" },
    { name = "opentelemetry-api" },
    { name = "opentelemetry-exporter-otlp-proto-http" },
    { name = "opentelemetry-sdk" },
    { name = "python-dotenv" },
    { name = "sideseat" },
]

[package.metadata]
requires-dist = [
    { name = "anthropic", marker = "extra == 'bedrock-anthropic'", specifier = ">=1.0" },
    { name = "anthropic", marker = "extra == 'bedrock-compat'", specifier = ">=1.0" },
    { name = "boto3", specifier = ">=1.35" },
    { name = "httpx2", marker = "extra == 'bedrock-anthropic'", specifier = ">=2.0" },
    { name = "httpx2", marker = "extra == 'bedrock-compat'", specifier = ">=2.0" },
    { name = "httpx2", marker = "extra == 'bedrock-openai'", specifier = ">=2.0" },
    { name = "openai", marker = "extra == 'bedrock-compat'", specifier = ">=2.0" },
    { name = "openai", marker = "extra == 'bedrock-openai'", specifier = ">=2.0" },
    { name = "opentelemetry-api", specifier = ">=1.20.0" },
    { name = "opentelemetry-exporter-otlp-proto-http", specifier = ">=1.20.0" },
    { name = "opentelemetry-sdk", specifier = ">=1.20.0" },
    { name = "pytest", marker = "extra == 'dev'", specifier = ">=8.0" },
    { name = "python-dotenv", specifier = ">=0.19.0" },
    { name = "sideseat", editable = "../../../sdk/python" },
]
provides-extras = ["bedrock-openai", "bedrock-anthropic", "bedrock-compat", "dev"]

[[package]]
name = "typing-extensions"
version = "4.16.0"
source = { registry = "https://pypi.org/simple" }
sdist = { url = "https://files.pythonhosted.org/packages/f6/cc/6253133b5bb138fc3306cebfbda2c520f545d36b5be2c7255cc528bb45d6/typing_extensions-4.16.0.tar.gz", hash = "sha256:dc983d19a509c94dba722ee6abd33940f7c05a89e243c47e907eb4db6f1a43e5", size = 113555, upload-time = "2026-07-02T08:40:05.92Z" }
wheels = [
    { url = "https://files.pythonhosted.org/packages/49/d3/b8441a820a491ddfc024b0b0cf0393375b75ea13866d9c66727e54c2fc80/typing_extensions-4.16.0-py3-none-any.whl", hash = "sha256:481caa481374e813c1b176ada14e97f1f67a4539ce9cfeb3f350d78d6370c2e8", size = 45571, upload-time = "2026-07-02T08:40:04.659Z" },
]

[[package]]
name = "urllib3"
version = "2.8.0"
source = { registry = "https://pypi.org/simple" }
sdist = { url = "https://files.pythonhosted.org/packages/e3/05/b17359e1cefb4f909b5e40b1b90a496d987258916dbbf88e842c729f510e/urllib3-2.8.0.tar.gz", hash = "sha256:63bf2ead4c879426ebf22ef2a781eeb4aa3b4ae798a0435506f8687fd5bb9b63", size = 458972, upload-time = "2026-09-15T19:29:36.253Z" }
wheels = [
    { url = "https://files.pythonhosted.org/packages/92/9d/c4e665119135114480843e7ab388fa94d8480650450e6f8e26b70d323a4c/urllib3-2.8.0-py3-none-any.whl", hash = "sha256:0cf3cae568d36aa9576b28dfb35f11328f1cb974ca7647d9475ebb86c75ac6e3", size = 135717, upload-time = "2026-09-15T19:29:34.577Z" },
]

[[package]]
name = "wrapt"
version = "2.5.0"
source = { registry = "https://pypi.org/simple" }
sdist = { url = "https://files.pythonhosted.org/packages/3e/d2/a254a26d8ceaea87e0eee2e89fcfe53ddc1858418647493bb2937549ab6f/wrapt-2.5.0.tar.gz", hash = "sha256:c48cdb6c904dca76d9915a579e4a5fab6b0c25f650c1019ce78a78effaf7a345", size = 183288, upload-time = "2026-09-27T01:41:56.874Z" }
wheels = [
    { url = "https://files.pythonhosted.org/packages/2a/a6/44589f9b34160280a1fbccbcf206b18df034a1b3e9584336d3a7f039a33c/wrapt-2.5.0-cp312-cp312-macosx_10_13_x86_64.whl", hash = "sha256:b898caea081303006decc562c7fca5126f7c96507e78dd8f1ae3285dfa50ddc7", size = 106192, upload-time = "2026-09-27T01:40:00.941Z" },
    { url = "https://files.pythonhosted.org/packages/ce/2b/94db3ba2e9528400e4173cbb67a56822a4644d4c2b319feb0cc638094b36/wrapt-2.5.0-cp312-cp312-macosx_11_0_arm64.whl", hash = "sha256:8837fbe708cb9d8a2d32a37dee836d24a531f02560db26418e2b181986fa21cb", size = 105828, upload-time = "2026-09-27T01:40:02.494Z" },
    { url = "https://files.pythonhosted.org/packages/11/0e/3ce67af67525c0068680637c0eba823ce2f0fc6eff2d1779cab656fb8c3d/wrapt-2.5.0-cp312-cp312-manylinux1_x86_64.manylinux_2_28_x86_64.manylinux_2_5_x86_64.whl", hash = "sha256:0cabb9c17ab79b2549d1f23b36f436473ad9253ef53995a817feba26fae69d5b", size = 250177, upload-time = "2026-09-27T01:40:03.819Z" },
    { url = "https://files.pythonhosted.org/packages/d3/3b/262b2c3c38aca6fa32cfea6407dbb346ce26ff788179b98137b3b3f3d8ca/wrapt-2.5.0-cp312-cp312-manylinux2014_aarch64.manylinux_2_17_aarch64.manylinux_2_28_aarch64.whl", hash = "sha256:6761765cc520ff9616fb035c02a85d1d744f7f70edd4649718fd0d09c589eacf", size = 250332, upload-time = "2026-09-27T01:40:05.15Z" },
    { url = "https://files.pythonhosted.org/packages/2e/ec/d54d273a2223d1964ecd5b5954aca18e8fbf2c5d8471e60ef3cbaaed9325/wrapt-2.5.0-cp312-cp312-manylinux_2_31_riscv64.manylinux_2_39_riscv64.whl", hash = "sha256:a145a7826eddea3eb5814903f98f93756042b919bb5305544cb1331daa2705b1", size = 229600, upload-time = "2026-09-27T01:40:06.47Z" },
    { url = "https://files.pythonhosted.org/packages/8e/88/33c75ac47b13b0bf77b44d96d02b1d0a2e6db66180909bacce86ef8fcd8e/wrapt-2.5.0-cp312-cp312-musllinux_1_2_aarch64.whl", hash = "sha256:6a9ee62a970075738909909bdbef3a7da9f7ae03dfca584db283547a29503b56", size = 246890, upload-time = "2026-09-27T01:40:07.838Z" },
    { url = "https://files.pythonhosted.org/packages/d2/0e/c3a3a158801e5bee7a0d9aa3561a127bd80f166b02b7b520a39e45d8f9b9/wrapt-2.5.0-cp312-cp312-musllinux_1_2_riscv64.whl", hash = "sha256:691671ea05684f921ffc2e935fd3f9311c1795a10fbbfa006b46269733668f66", size = 226463, upload-time = "2026-09-27T01:40:09.206Z" },
    { url = "https://files.pythonhosted.org/packages/7c/2c/4c48ba51698a87e2e8299fc04856bbef391cb725f195bc93f0bc6196e1f2/wrapt-2.5.0-cp312-cp312-musllinux_1_2_x86_64.whl", hash = "sha256:e716f47c7f61e11709d3c0904213c94fc22999abf0c41461276cef886c1e8b4d", size = 238583, upload-time = "2026-09-27T01:40:10.631Z" },
    { url = "https://files.pythonhosted.org/packages/33/d2/077835618ed96b131730f74301a7236efd841ec2f341afe36303389b56ef/wrapt-2.5.0-cp312-cp312-win32.whl", hash = "sha256:5421acb5c363a9bc959122a8645e3f1f42010c932dc53885b11a5ff5b5a6d730", size = 100221, upload-time = "2026-09-27T01:40:11.91Z" },
    { url = "https://files.pythonhosted.org/packages/96/9f/9e56db2a3492275be809082c6f63a7a063f52b3e1812aae1eb03ec33f64c/wrapt-2.5.0-cp312-cp312-win_amd64.whl", hash = "sha256:ab45839c912777e2738fed369636589c8b2a6d9c44ca56de0fd0814581d467c2", size = 105786, upload-time = "2026-09-27T01:40:13.208Z" },
    { url = "https://files.pythonhosted.org/packages/0c/e4/e37ff75e5254564aa50e13bc4313383d02d5ec78f5bd3b9b1994dd7052d5/wrapt-2.5.0-cp312-cp312-win_arm64.whl", hash = "sha256:ce4cab32c37ef71e69cf88f909b7febd0dd79543e5ae3650e2b874e0f3d3b975", size = 102937, upload-time = "2026-09-27T01:40:14.534Z" },
    { url = "https://files.pythonhosted.org/packages/d6/4b/cc7bb5668f7ddc0e73e236e96a0c06cab8fddfca9c53538c9dffac62db6f/wrapt-2.5.0-cp313-cp313-macosx_10_13_x86_64.whl", hash = "sha256:b312b3cc87951faaed3cfef984d768ee8bee7f935d9cc929aaa9946b0b96a98c", size = 105808, upload-time = "2026-09-27T01:40:15.826Z" },
    { url = "https://files.pythonhosted.org/packages/4a/13/5d15ef0e2f42d5f084930dc4863e6e52c160c28301c8780aae170c58421c/wrapt-2.5.0-cp313-cp313-macosx_11_0_arm64.whl", hash = "sha256:c57ddae24cf72eb6bd18112638a987cafe6109d90f2df111e6934362cc03ac1a", size = 105931, upload-time = "2026-09-27T01:40:17.136Z" },
    { url = "https://files.pythonhosted.org/packages/1e/02/c7174e78b0c38bb279b2d3c25a6bd7fb9d3b0200c3e5a8fad084e7cc3e85/wrapt-2.5.0-cp313-cp313-manylinux1_x86_64.manylinux_2_28_x86_64.manylinux_2_5_x86_64.whl", hash = "sha256:b95a6eca3b927853529eea958310563c83140ae8451dd5dc4399c7da385dc4f3", size = 248259, upload-time = "2026-09-27T01:40:18.446Z" },
    { url = "https://files.pythonhosted.org/packages/a4/f9/47ae1d7ef325c3f6c81ae3c1fb4a3fef9d98c8025ed676c0bfc1550903ce/wrapt-2.5.0-cp313-cp313-manylinux2014_aarch64.manylinux_2_17_aarch64.manylinux_2_28_aarch64.whl", hash = "sha256:6058e12e9caa33468f9a36fb88c15a4bb30a479f997b37834b83abdbf062f264", size = 248224, upload-time = "2026-09-27T01:40:19.713Z" },
    { url = "https://files.pythonhosted.org/packages/38/7b/a394448bcbbaf8e5a3f856520edbbb1b92fc42061def56284c9083f3ac87/wrapt-2.5.0-cp313-cp313-manylinux_2_31_riscv64.manylinux_2_39_riscv64.whl", hash = "sha256:0d245ac03f5ae77f1eea6eb19edd9e778c2f772490c20496c2f1cd3a102ee1b6", size = 227137, upload-time = "2026-09-27T01:40:21.359Z" },
    { url = "https://files.pythonhosted.org/packages/41/45/fc252bda5aa1ca01bc838d3b108778e786a2a13d0c52fd17c5f6179aa246/wrapt-2.5.0-cp313-cp313-musllinux_1_2_aarch64.whl", hash = "sha256:f4ef4935962f7029b2058a99f1a47ccbffc3be919dddb3becb6c2c48eac3d9f0", size = 244710, upload-time = "2026-09-27T01:40:22.693Z" },
    { url = "https://files.pythonhosted.org/packages/0b/1c/527d1bde7371dcc2c378d88c97de03b121b486fb4cd3dbb399bc332c0676/wrapt-2.5.0-cp313-cp313-musllinux_1_2_riscv64.whl", hash = "sha256:f12e80c3089ebc03727d368f8205b811b5af2cd4a72b5e4cac75e901dd316e39", size = 225053, upload-time = "2026-09-27T01:40:24.345Z" },
    { url = "https://files.pythonhosted.org/packages/81/8e/2b823fded8c3b815408c58633929812eacd29d824fe57548b7868c4ee422/wrapt-2.5.0-cp313-cp313-musllinux_1_2_x86_64.whl", hash = "sha256:a346408f19b6d589bf029f25f65c0b4cdeed6302ef8f40da4e5d1552d22dc037", size = 236884, upload-time = "2026-09-27T01:40:25.654Z" },
    { url = "https://files.pythonhosted.org/packages/00/d7/5d185c1193b073a0bf4cbe862b5d31f81067eddc39eff30ae632f346563d/wrapt-2.5.0-cp313-cp313-win32.whl", hash = "sha256:79e68f0fd7d381b9bbd71776f602a2d5440d4d2077459128e02fd6607465422c", size = 100198, upload-time = "2026-09-27T01:40:27.111Z" },
    { url = "https://files.pythonhosted.org/packages/ce/9a/51d95640e01d0ebdd04a7223755f076e4936b0c124ce99bb01a12b53e66c/wrapt-2.5.0-cp313-cp313-win_amd64.whl", hash = "sha256:77f0a74ff6f6cf89f5b673a732d5afe1911a6e6b1c017260836fdfdf85518dc1", size = 105610, upload-time = "2026-09-27T01:40:28.465Z" },
    { url = "https://files.pythonhosted.org/packages/67/52/183d5ce7c2a9391774e6a623be6ae564351545713ec9a3693528f89c8e85/wrapt-2.5.0-cp313-cp313-win_arm64.whl", hash = "sha256:b620d7559b6b2197c5730332fab0867ecf1c8cb74d45533ebbcbcad1eacf4616", size = 102641, upload-time = "2026-09-27T01:40:30Z" },
    { url = "https://files.pythonhosted.org/packages/f3/4b/0009086ab8f2d5fb32405ef49fdd11104ce40f69ae9f4cdfba8326462816/wrapt-2.5.0-cp314-cp314-macosx_10_15_x86_64.whl", hash = "sha256:65f2ee406dc592a5b22a7dc6abac13e8a3e8de4b2ecf5dc3c22937865496e4b6", size = 106182, upload-time = "2026-09-27T01:40:31.503Z" },
    { url = "https://files.pythonhosted.org/packages/5d/35/8f38339a4c55a42df00296dcf6ad50598d2280049f7a6ffa525e9a1f66d1/wrapt-2.5.0-cp314-cp314-macosx_11_0_arm64.whl", hash = "sha256:d75d6366203c8d025c1a74bae0b565952187ddae79bd5c7bf10687652a56f020", size = 106123, upload-time = "2026-09-27T01:40:32.927Z" },
    { url = "https://files.pythonhosted.org/packages/23/38/285b433121d73c7a447b5b82d93c91dc3330f33ab5853975f34551e0c773/wrapt-2.5.0-cp314-cp314-manylinux1_x86_64.manylinux_2_28_x86_64.manylinux_2_5_x86_64.whl", hash = "sha256:b640460f0ffb346b192686bd6fac5589e35a6c6640501c59a9fb6e82b0dd6bd8", size = 251245, upload-time = "2026-09-27T01:40:34.309Z" },
    { url = "https://files.pythonhosted.org/packages/7b/a6/3f63f4637e89484c1839a9ba3aedda5b2912e7ce12617034c6bd49752cfa/wrapt-2.5.0-cp314-cp314-manylinux2014_aarch64.manylinux_2_17_aarch64.manylinux_2_28_aarch64.whl", hash = "sha256:1f17c5a3836397bf59fd57b0e5b0dc42969b1daa70d31aa361c6e13cbf138b5a", size = 250483, upload-time = "2026-09-27T01:40:35.841Z" },
    { url = "https://files.pythonhosted.org/packages/e9/cd/f24ee96016da222dbb921cfb22e2beb5ca189a7b730ef49e8bb106b49449/wrapt-2.5.0-cp314-cp314-manylinux_2_31_riscv64.manylinux_2_39_riscv64.whl", hash = "sha256:4343880acd72e74233baf092285aaaf4306244e31d7601828bd2600316027df0", size = 231341, upload-time = "2026-09-27T01:40:37.295Z" },
    { url = "https://files.pythonhosted.org/packages/23/eb/c9b180124271e494f615a130f966be56143e3e26e87706bc28582f94bc09/wrapt-2.5.0-cp314-cp314-musllinux_1_2_aarch64.whl", hash = "sha256:ea4fdc79c0045d6bb1603c109127145245cafe888588888444e1e37fbeadbac3", size = 247736, upload-time = "2026-09-27T01:40:38.653Z" },
    { url = "https://files.pythonhosted.org/packages/fd/60/345b8c213389809435d1950136b09991a1af2a66b988d0cd930ecd1b9f19/wrapt-2.5.0-cp314-cp314-musllinux_1_2_riscv64.whl", hash = "sha256:f42239c89430eee2d8a6dec39e34677abdbb67fff63caf2467dd6124ea4d4d58", size = 228533, upload-time = "2026-09-27T01:40:40.12Z" },
    { url = "https://files.pythonhosted.org/packages/ea/15/c79f0f5827a9062c6be4fc25dc73e92fe1c014c7bfde2e61c8c0b56a91af/wrapt-2.5.0-cp314-cp314-musllinux_1_2_x86_64.whl", hash = "sha256:bad63bb4dea3c58e8078a3a173259ac2df5442a437e49c632b4099c0250e803b", size = 238830, upload-time = "2026-09-27T01:40:41.505Z" },
    { url = "https://files.pythonhosted.org/packages/5f/de/79a95ac238c9cae7ae7eb3a18501afc646e3ed61d8d108c725b17bbee301/wrapt-2.5.0-cp314-cp314-win32.whl", hash = "sha256:b58138d19f34e32833e62de5e910bc2a8baae43310b921d783bd39b15227c2dd", size = 100664, upload-time = "2026-09-27T01:40:42.884Z" },
    { url = "https://files.pythonhosted.org/packages/f0/15/32de0f1e6a46a82c773430672562d53203406df14a6d73c93abb59b679e9/wrapt-2.5.0-cp314-cp314-win_amd64.whl", hash = "sha256:1a3c4035d2026b87ef23dd8d165f1f8d3853ee2bd02791cfd22bd8c6226c41ce", size = 105986, upload-time = "2026-09-27T01:40:44.652Z" },
    { url = "https://files.pythonhosted.org/packages/d9/2a/10a7ff69097385de15b3db7d91587a54c26f8025fcbf36a1d9e83a1e0ad1/wrapt-2.5.0-cp314-cp314-win_arm64.whl", hash = "sha256:def66258d97ebf1e4e97def12c5daa542d1cc728a3da83ed3a43933f56df6dab", size = 103718, upload-time = "2026-09-27T01:40:45.956Z" },
    { url = "https://files.pythonhosted.org/packages/f7/01/963f893b1906ac6c2aecb777c36e9ab2156a4cf89fabf6125e953ec4ad52/wrapt-2.5.0-cp314-cp314t-macosx_10_15_x86_64.whl", hash = "sha256:23a9d6cb6413359b76f030d6bbb75340b7669c69da245dde2919a4c93708993b", size = 109290, upload-time = "2026-09-27T01:40:47.22Z" },
    { url = "https://files.pythonhosted.org/packages/cd/6c/30e04d2b1284de2eea5411850008e0411d1876bf4552dc0990c904a0a783/wrapt-2.5.0-cp314-cp314t-macosx_11_0_arm64.whl", hash = "sha256:21cfe343ef9c2deb865ad0d5c57822266447c88dcf6d8805dd8c363fe367f30c", size = 109597, upload-time = "2026-09-27T01:40:49Z" },
    { url = "https://files.pythonhosted.org/packages/6a/34/3980fe5a899b69454f66db2991c144ecc828dbbd355ce6cd7b881056ebbc/wrapt-2.5.0-cp314-cp314t-manylinux1_x86_64.manylinux_2_28_x86_64.manylinux_2_5_x86_64.whl", hash = "sha256:0dfc38cb672af51fc29696ba9c6f05d2315f5e62c4af2564e50f07f81198a163", size = 283840, upload-time = "2026-09-27T01:40:50.406Z" },
    { url = "https://files.pythonhosted.org/packages/b6/b4/b37001235fd5871b3f31941229f8fef608279353b772dab3ccb248fd8726/wrapt-2.5.0-cp314-cp314t-manylinux2014_aarch64.manylinux_2_17_aarch64.manylinux_2_28_aarch64.whl", hash = "sha256:181a45000506a6382eb337354ca7e8525690702f1ccf2eae4f23a210ff339543", size = 293622, upload-time = "2026-09-27T01:40:51.868Z" },
    { url = "https://files.pythonhosted.org/packages/09/b3/9b751c6268fa2111efc7e43895105bc0f60a83896b08581009e77563f8c7/wrapt-2.5.0-cp314-cp314t-manylinux_2_31_riscv64.manylinux_2_39_riscv64.whl", hash = "sha256:58b2a87c65cbfb20917ec48ace47f71b1962c1f81dbf18a4052e3037abf72028", size = 262840, upload-time = "2026-09-27T01:40:53.297Z" },
    { url = "https://files.pythonhosted.org/packages/47/7d/b7b51d601981ccc1f7b9e6023991548dec43dc9d40317597fbe0085bc876/wrapt-2.5.0-cp314-cp314t-musllinux_1_2_aarch64.whl", hash = "sha256:0ea62bc142f4fa8b2e0ab058f50699ccd679ef6199c8fa3cc1c2396c7a659000", size = 288781, upload-time = "2026-09-27T01:40:54.756Z" },
    { url = "https://files.pythonhosted.org/packages/d1/82/1a84f288246905d0a71d44aa1f470ff8c75df2b96ef791d2938124449cb0/wrapt-2.5.0-cp314-cp314t-musllinux_1_2_riscv64.whl", hash = "sha256:425349a99b8c9540399d36620c376dc26e6aca93071cd6fafa239c2f1b5d53a4", size = 260116, upload-time = "2026-09-27T01:40:56.667Z" },
    { url = "https://files.pythonhosted.org/packages/5a/0e/0572224d1c4a3f0846f82614702ec3110d45c843dcc7781c5f33779e1fdc/wrapt-2.5.0-cp314-cp314t-musllinux_1_2_x86_64.whl", hash = "sha256:fe09aac4837ec720af606a493e814dcc3f65631984e1b7231b589efcf9917024", size = 278485, upload-time = "2026-09-27T01:40:58.443Z" },
    { url = "https://files.pythonhosted.org/packages/76/44/5a5c111f8ac6dd15f54437c2161588431d3924718a7e4de59c471cd794e9/wrapt-2.5.0-cp314-cp314t-win32.whl", hash = "sha256:bc5607c1911c92530cb402ea90d818933cffb28bd8de9b453a2542279816d8c7", size = 103157, upload-time = "2026-09-27T01:40:59.995Z" },
    { url = "https://files.pythonhosted.org/packages/e6/80/96cc2da58cbc0893f5165f6a0f4f9cb75d7574f409022ad792aa80a0ff3f/wrapt-2.5.0-cp314-cp314t-win_amd64.whl", hash = "sha256:7138b0e7990e5555a905c519e8dad17c1da1f20e08b283e202c414229065740f", size = 109683, upload-time = "2026-09-27T01:41:01.43Z" },
    { url = "https://files.pythonhosted.org/packages/c7/70/10dab499970e66c926ba6d404ff456318b68092b8ad0c4608a52160e43a2/wrapt-2.5.0-cp314-cp314t-win_arm64.whl", hash = "sha256:a5bb346a34499e091e4fa23df58251ad192173c088e5413d893ca1c730c133c7", size = 105953, upload-time = "2026-09-27T01:41:03.041Z" },
    { url = "https://files.pythonhosted.org/packages/87/7d/5ed859fad4b5eddd598a846150aaab2703730ed4886c5c5e03b0df0cfdd5/wrapt-2.5.0-py3-none-any.whl", hash = "sha256:107eea1a511e98a3a5033b0c2cb403fbb37f05dee6ac1fb85c0460d311ec278c", size = 81586, upload-time = "2026-09-27T01:41:55.479Z" },
]
