version = 1
revision = 3
requires-python = ">=3.12"

[manifest]
requirements = [{ name = "opentelemetry-proto", specifier = "==1.45.0" }]

[[package]]
name = "opentelemetry-proto"
version = "1.45.0"
source = { registry = "https://pypi.org/simple" }
dependencies = [
    { name = "protobuf" },
]
sdist = { url = "https://files.pythonhosted.org/packages/72/28/67c38cfb7e2bdfdd0cde7dcdd0424aed0291fbd64aa4ea3e7e913734711a/opentelemetry_proto-1.45.0.tar.gz", hash = "sha256:96ee414f24bc3f61ea8e17dc56b4348d4049d73db3eb17c6b3edf75b5b403300", size = 46489, upload-time = "2026-09-25T12:32:41.409Z" }
wheels = [
    { url = "https://files.pythonhosted.org/packages/6b/45/814d55714507c7ce9c9cd86a4f83ceb5a74ab0bffcc63ff493943f138de2/opentelemetry_proto-1.45.0-py3-none-any.whl", hash = "sha256:9731566359d7b8e1ee1e149d8e4ad6865bab965e657ad3387ec2784d16927666", size = 72486, upload-time = "2026-09-25T12:32:23.36Z" },
]

[[package]]
name = "protobuf"
version = "7.36.2"
source = { registry = "https://pypi.org/simple" }
sdist = { url = "https://files.pythonhosted.org/packages/d9/89/5b8517baa72f84a67b8a307ba953c91057af618bf40bf676f3c03551f8f0/protobuf-7.36.2.tar.gz", hash = "sha256:497d0463ff3316681da6c0b9e8d06cb465d61abce00b613ab42226175644d1bb", size = 512737, upload-time = "2026-09-17T20:07:59.326Z" }
wheels = [
    { url = "https://files.pythonhosted.org/packages/32/72/98342feb672507c8f3a69e34b4fa8961f608edba5c1a48a6f47156d92cb5/protobuf-7.36.2-cp310-abi3-macosx_10_9_universal2.whl", hash = "sha256:cbc70b17ee27e28894c7fee8bb04be1abead49e936bc70eb60052531eee2079e", size = 456039, upload-time = "2026-09-17T20:07:51.542Z" },
    { url = "https://files.pythonhosted.org/packages/b6/ea/91fdf7c2b8bbd49cde056f00a9df6773532987e1c00fe2830b895af95c7e/protobuf-7.36.2-cp310-abi3-manylinux2014_aarch64.whl", hash = "sha256:e11e1f0180583a2af89db6a2ecd9e8dc40aa6d2988ca175bfd0e6d12ea72d74e", size = 344219, upload-time = "2026-09-17T20:07:52.914Z" },
    { url = "https://files.pythonhosted.org/packages/17/ab/5fd5f8ece73fad885c5a09aa849b32d70472f954ba3a92d3bb5974ea953b/protobuf-7.36.2-cp310-abi3-manylinux2014_s390x.whl", hash = "sha256:f4fee11ec330d238b34a05c9b675f693c20415d1c5bd7d5320cc2f8a798eb9cf", size = 357223, upload-time = "2026-09-17T20:07:53.985Z" },
    { url = "https://files.pythonhosted.org/packages/db/f3/3996583dd2906297a637af12114deddf7658af6e683fedb83be061983fb5/protobuf-7.36.2-cp310-abi3-manylinux2014_x86_64.whl", hash = "sha256:89f23aa53c24553a2416fd4fd1ec06f74fa42b14b546d8883128813f775bbfd2", size = 343223, upload-time = "2026-09-17T20:07:54.931Z" },
    { url = "https://files.pythonhosted.org/packages/fc/1b/dcc64f358fcb51811b58ae40b3d28f820725f116d86487cc20bd4b130701/protobuf-7.36.2-cp310-abi3-win32.whl", hash = "sha256:912c1221170e16c08d1f086762f563dd61ff83c18b5fa6652952dfaded66f728", size = 442998, upload-time = "2026-09-17T20:07:55.826Z" },
    { url = "https://files.pythonhosted.org/packages/8a/55/b77bda4e5e5f5971fb51b07663694690e9afdb9402136c16a522bd621cad/protobuf-7.36.2-cp310-abi3-win_amd64.whl", hash = "sha256:a300819d441e078a5608c0d3c709796bb548136058fda017ae51d425b44fd353", size = 456514, upload-time = "2026-09-17T20:07:57.188Z" },
    { url = "https://files.pythonhosted.org/packages/e4/04/d52c7016b04b6c5108f26691f9d33ec82a9b65d041f1a9c771137693d618/protobuf-7.36.2-py3-none-any.whl", hash = "sha256:bdb3a345d48db958e6ce1f18e508beb0cc981d64f24088427549c866cd039f1e", size = 179806, upload-time = "2026-09-17T20:07:58.211Z" },
]
